
Microsoft Visual Studio Solution File, Format Version 12.00
# Visual Studio Version 17
VisualStudioVersion = 17.10.34607.79
MinimumVisualStudioVersion = 10.0.40219.1
Project("{FAE04EC0-301F-11D3-BF4B-00C04F79EFBC}") = "WordsLibrary", "WordsLibrary.csproj", "{C92D8CB4-F2EB-4E66-8E7F-1D1E6E1754F6}"
EndProject
Global
	GlobalSection(SolutionConfigurationPlatforms) = preSolution
		Debug|Any CPU = Debug|Any CPU
		Release|Any CPU = Release|Any CPU
	EndGlobalSection
	GlobalSection(ProjectConfigurationPlatforms) = postSolution
		{C92D8CB4-F2EB-4E66-8E7F-1D1E6E1754F6}.Debug|Any CPU.ActiveCfg = Debug|Any CPU
		{C92D8CB4-F2EB-4E66-8E7F-1D1E6E1754F6}.Debug|Any CPU.Build.0 = Debug|Any CPU
		{C92D8CB4-F2EB-4E66-8E7F-1D1E6E1754F6}.Release|Any CPU.ActiveCfg = Release|Any CPU
		{C92D8CB4-F2EB-4E66-8E7F-1D1E6E1754F6}.Release|Any CPU.Build.0 = Release|Any CPU
	EndGlobalSection
	GlobalSection(SolutionProperties) = preSolution
		HideSolutionNode = FALSE
	EndGlobalSection
	GlobalSection(ExtensibilityGlobals) = postSolution
		SolutionGuid = {73105E82-A562-449C-A959-6D6A65DF05DA}
	EndGlobalSection
EndGlobal
